
Microsoft Visual Studio Solution File, Format Version 12.00
Project("{2150E333-8FDC-42A3-9474-1A3956D46DE8}") = "src", "src", "{73DD4F46-D43B-4193-AF82-ADB7808D073C}"
EndProject
Project("{FAE04EC0-301F-11D3-BF4B-00C04F79EFBC}") = "AuctionService", "src\AuctionService\AuctionService.csproj", "{28AE57AD-6D87-43B7-8070-3AAC352C8652}"
EndProject
Project("{2150E333-8FDC-42A3-9474-1A3956D46DE8}") = "Solution items", "Solution items", "{3AC1A6C7-98AD-490B-92F9-AF7EE51CED06}"
	ProjectSection(SolutionItems) = preProject
		docker-compose.yml = docker-compose.yml
	EndProjectSection
EndProject
Project("{FAE04EC0-301F-11D3-BF4B-00C04F79EFBC}") = "SearchService", "src\SearchService\SearchService.csproj", "{CDF9FFF6-D501-4BBD-A7DA-D0F51BF6067A}"
EndProject
Project("{FAE04EC0-301F-11D3-BF4B-00C04F79EFBC}") = "Contracts", "src\Contracts\Contracts.csproj", "{6464C0C6-5242-4778-8173-2B4565DFF180}"
EndProject
Project("{FAE04EC0-301F-11D3-BF4B-00C04F79EFBC}") = "IdentityService", "src\IdentityService\IdentityService.csproj", "{9F8A0A4D-0E1F-4F74-955E-7D64279E7038}"
EndProject
Project("{FAE04EC0-301F-11D3-BF4B-00C04F79EFBC}") = "GatewayService", "src\GatewayService\GatewayService.csproj", "{DB7B9FD1-0EA3-4980-AB0F-9108E52DD30C}"
EndProject
Project("{FAE04EC0-301F-11D3-BF4B-00C04F79EFBC}") = "BidService", "src\BidService\BidService.csproj", "{A2558A20-F521-49E6-90D2-2ABD83157F7D}"
EndProject
Project("{FAE04EC0-301F-11D3-BF4B-00C04F79EFBC}") = "NotificationService", "src\NotificationService\NotificationService.csproj", "{D0711653-C372-425F-9105-36ED2322CA93}"
EndProject
Project("{2150E333-8FDC-42A3-9474-1A3956D46DE8}") = "tests", "tests", "{1137BC36-556E-4300-816E-1A9FC6E729CC}"
EndProject
Project("{FAE04EC0-301F-11D3-BF4B-00C04F79EFBC}") = "AuctionService.Tests", "tests\AuctionService.Tests\AuctionService.Tests.csproj", "{CC015F78-5A6B-4133-B265-6EF3DE642B69}"
EndProject
Project("{FAE04EC0-301F-11D3-BF4B-00C04F79EFBC}") = "SearchService.Tests", "tests\SearchService.Tests\SearchService.Tests.csproj", "{83A87F89-7658-445C-BF16-96DDB08913F1}"
EndProject
Global
	GlobalSection(SolutionConfigurationPlatforms) = preSolution
		Debug|Any CPU = Debug|Any CPU
		Release|Any CPU = Release|Any CPU
	EndGlobalSection
	GlobalSection(NestedProjects) = preSolution
		{28AE57AD-6D87-43B7-8070-3AAC352C8652} = {73DD4F46-D43B-4193-AF82-ADB7808D073C}
		{CDF9FFF6-D501-4BBD-A7DA-D0F51BF6067A} = {73DD4F46-D43B-4193-AF82-ADB7808D073C}
		{6464C0C6-5242-4778-8173-2B4565DFF180} = {73DD4F46-D43B-4193-AF82-ADB7808D073C}
		{9F8A0A4D-0E1F-4F74-955E-7D64279E7038} = {73DD4F46-D43B-4193-AF82-ADB7808D073C}
		{DB7B9FD1-0EA3-4980-AB0F-9108E52DD30C} = {73DD4F46-D43B-4193-AF82-ADB7808D073C}
		{A2558A20-F521-49E6-90D2-2ABD83157F7D} = {73DD4F46-D43B-4193-AF82-ADB7808D073C}
		{D0711653-C372-425F-9105-36ED2322CA93} = {73DD4F46-D43B-4193-AF82-ADB7808D073C}
		{CC015F78-5A6B-4133-B265-6EF3DE642B69} = {1137BC36-556E-4300-816E-1A9FC6E729CC}
		{83A87F89-7658-445C-BF16-96DDB08913F1} = {1137BC36-556E-4300-816E-1A9FC6E729CC}
	EndGlobalSection
	GlobalSection(ProjectConfigurationPlatforms) = postSolution
		{28AE57AD-6D87-43B7-8070-3AAC352C8652}.Debug|Any CPU.ActiveCfg = Debug|Any CPU
		{28AE57AD-6D87-43B7-8070-3AAC352C8652}.Debug|Any CPU.Build.0 = Debug|Any CPU
		{28AE57AD-6D87-43B7-8070-3AAC352C8652}.Release|Any CPU.ActiveCfg = Release|Any CPU
		{28AE57AD-6D87-43B7-8070-3AAC352C8652}.Release|Any CPU.Build.0 = Release|Any CPU
		{CDF9FFF6-D501-4BBD-A7DA-D0F51BF6067A}.Debug|Any CPU.ActiveCfg = Debug|Any CPU
		{CDF9FFF6-D501-4BBD-A7DA-D0F51BF6067A}.Debug|Any CPU.Build.0 = Debug|Any CPU
		{CDF9FFF6-D501-4BBD-A7DA-D0F51BF6067A}.Release|Any CPU.ActiveCfg = Release|Any CPU
		{CDF9FFF6-D501-4BBD-A7DA-D0F51BF6067A}.Release|Any CPU.Build.0 = Release|Any CPU
		{6464C0C6-5242-4778-8173-2B4565DFF180}.Debug|Any CPU.ActiveCfg = Debug|Any CPU
		{6464C0C6-5242-4778-8173-2B4565DFF180}.Debug|Any CPU.Build.0 = Debug|Any CPU
		{6464C0C6-5242-4778-8173-2B4565DFF180}.Release|Any CPU.ActiveCfg = Release|Any CPU
		{6464C0C6-5242-4778-8173-2B4565DFF180}.Release|Any CPU.Build.0 = Release|Any CPU
		{9F8A0A4D-0E1F-4F74-955E-7D64279E7038}.Debug|Any CPU.ActiveCfg = Debug|Any CPU
		{9F8A0A4D-0E1F-4F74-955E-7D64279E7038}.Debug|Any CPU.Build.0 = Debug|Any CPU
		{9F8A0A4D-0E1F-4F74-955E-7D64279E7038}.Release|Any CPU.ActiveCfg = Release|Any CPU
		{9F8A0A4D-0E1F-4F74-955E-7D64279E7038}.Release|Any CPU.Build.0 = Release|Any CPU
		{DB7B9FD1-0EA3-4980-AB0F-9108E52DD30C}.Debug|Any CPU.ActiveCfg = Debug|Any CPU
		{DB7B9FD1-0EA3-4980-AB0F-9108E52DD30C}.Debug|Any CPU.Build.0 = Debug|Any CPU
		{DB7B9FD1-0EA3-4980-AB0F-9108E52DD30C}.Release|Any CPU.ActiveCfg = Release|Any CPU
		{DB7B9FD1-0EA3-4980-AB0F-9108E52DD30C}.Release|Any CPU.Build.0 = Release|Any CPU
		{A2558A20-F521-49E6-90D2-2ABD83157F7D}.Debug|Any CPU.ActiveCfg = Debug|Any CPU
		{A2558A20-F521-49E6-90D2-2ABD83157F7D}.Debug|Any CPU.Build.0 = Debug|Any CPU
		{A2558A20-F521-49E6-90D2-2ABD83157F7D}.Release|Any CPU.ActiveCfg = Release|Any CPU
		{A2558A20-F521-49E6-90D2-2ABD83157F7D}.Release|Any CPU.Build.0 = Release|Any CPU
		{D0711653-C372-425F-9105-36ED2322CA93}.Debug|Any CPU.ActiveCfg = Debug|Any CPU
		{D0711653-C372-425F-9105-36ED2322CA93}.Debug|Any CPU.Build.0 = Debug|Any CPU
		{D0711653-C372-425F-9105-36ED2322CA93}.Release|Any CPU.ActiveCfg = Release|Any CPU
		{D0711653-C372-425F-9105-36ED2322CA93}.Release|Any CPU.Build.0 = Release|Any CPU
		{CC015F78-5A6B-4133-B265-6EF3DE642B69}.Debug|Any CPU.ActiveCfg = Debug|Any CPU
		{CC015F78-5A6B-4133-B265-6EF3DE642B69}.Debug|Any CPU.Build.0 = Debug|Any CPU
		{CC015F78-5A6B-4133-B265-6EF3DE642B69}.Release|Any CPU.ActiveCfg = Release|Any CPU
		{CC015F78-5A6B-4133-B265-6EF3DE642B69}.Release|Any CPU.Build.0 = Release|Any CPU
		{83A87F89-7658-445C-BF16-96DDB08913F1}.Debug|Any CPU.ActiveCfg = Debug|Any CPU
		{83A87F89-7658-445C-BF16-96DDB08913F1}.Debug|Any CPU.Build.0 = Debug|Any CPU
		{83A87F89-7658-445C-BF16-96DDB08913F1}.Release|Any CPU.ActiveCfg = Release|Any CPU
		{83A87F89-7658-445C-BF16-96DDB08913F1}.Release|Any CPU.Build.0 = Release|Any CPU
	EndGlobalSection
EndGlobal
